// !$*UTF8*$!
{
	archiveVersion = 1;
	classes = {
	};
	objectVersion = 46;
	objects = {

/* Begin PBXBuildFile section */
		EC1A25B61B7F2AED00855873 /* main.m in Sources */ = {isa = PBXBuildFile; fileRef = EC1A25B51B7F2AED00855873 /* main.m */; };
		EC1A25B91B7F2AED00855873 /* AppDelegate.m in Sources */ = {isa = PBXBuildFile; fileRef = EC1A25B81B7F2AED00855873 /* AppDelegate.m */; };
		EC1A25BC1B7F2AED00855873 /* ViewController.m in Sources */ = {isa = PBXBuildFile; fileRef = EC1A25BB1B7F2AED00855873 /* ViewController.m */; };
		EC1A25BF1B7F2AED00855873 /* Main.storyboard in Resources */ = {isa = PBXBuildFile; fileRef = EC1A25BD1B7F2AED00855873 /* Main.storyboard */; };
		EC1A25C11B7F2AED00855873 /* Assets.xcassets in Resources */ = {isa = PBXBuildFile; fileRef = EC1A25C01B7F2AED00855873 /* Assets.xcassets */; };
		EC1A25C41B7F2AED00855873 /* LaunchScreen.storyboard in Resources */ = {isa = PBXBuildFile; fileRef = EC1A25C21B7F2AED00855873 /* LaunchScreen.storyboard */; };
		EC1A25CF1B7F2AED00855873 /* randomealTests.m in Sources */ = {isa = PBXBuildFile; fileRef = EC1A25CE1B7F2AED00855873 /* randomealTests.m */; };
		EC1A25DA1B7F2AED00855873 /* randomealUITests.m in Sources */ = {isa = PBXBuildFile; fileRef = EC1A25D91B7F2AED00855873 /* randomealUITests.m */; };
/* End PBXBuildFile section */

/* Begin PBXContainerItemProxy section */
		EC1A25CB1B7F2AED00855873 /* PBXContainerItemProxy */ = {
			isa = PBXContainerItemProxy;
			containerPortal = EC1A25A91B7F2AED00855873 /* Project object */;
			proxyType = 1;
			remoteGlobalIDString = EC1A25B01B7F2AED00855873;
			remoteInfo = randomeal;
		};
		EC1A25D61B7F2AED00855873 /* PBXContainerItemProxy */ = {
			isa = PBXContainerItemProxy;
			containerPortal = EC1A25A91B7F2AED00855873 /* Project object */;
			proxyType = 1;
			remoteGlobalIDString = EC1A25B01B7F2AED00855873;
			remoteInfo = randomeal;
		};
/* End PBXContainerItemProxy section */

/* Begin PBXFileReference section */
		EC1A25B11B7F2AED00855873 /* randomeal.app */ = {isa = PBXFileReference; explicitFileType = wrapper.application; includeInIndex = 0; path = randomeal.app; sourceTree = BUILT_PRODUCTS_DIR; };
		EC1A25B51B7F2AED00855873 /* main.m */ = {isa = PBXFileReference; lastKnownFileType = sourcecode.c.objc; path = main.m; sourceTree = "<group>"; };
		EC1A25B71B7F2AED00855873 /* AppDelegate.h */ = {isa = PBXFileReference; lastKnownFileType = sourcecode.c.h; path = AppDelegate.h; sourceTree = "<group>"; };
		EC1A25B81B7F2AED00855873 /* AppDelegate.m */ = {isa = PBXFileReference; lastKnownFileType = sourcecode.c.objc; path = AppDelegate.m; sourceTree = "<group>"; };
		EC1A25BA1B7F2AED00855873 /* ViewController.h */ = {isa = PBXFileReference; lastKnownFileType = sourcecode.c.h; path = ViewController.h; sourceTree = "<group>"; };
		EC1A25BB1B7F2AED00855873 /* ViewController.m */ = {isa = PBXFileReference; lastKnownFileType = sourcecode.c.objc; path = ViewController.m; sourceTree = "<group>"; };
		EC1A25BE1B7F2AED00855873 /* Base */ = {isa = PBXFileReference; lastKnownFileType = file.storyboard; name = Base; path = Base.lproj/Main.storyboard; sourceTree = "<group>"; };
		EC1A25C01B7F2AED00855873 /* Assets.xcassets */ = {isa = PBXFileReference; lastKnownFileType = folder.assetcatalog; path = Assets.xcassets; sourceTree = "<group>"; };
		EC1A25C31B7F2AED00855873 /* Base */ = {isa = PBXFileReference; lastKnownFileType = file.storyboard; name = Base; path = Base.lproj/LaunchScreen.storyboard; sourceTree = "<group>"; };
		EC1A25C51B7F2AED00855873 /* Info.plist */ = {isa = PBXFileReference; lastKnownFileType = text.plist.xml; path = Info.plist; sourceTree = "<group>"; };
		EC1A25CA1B7F2AED00855873 /* randomealTests.xctest */ = {isa = PBXFileReference; explicitFileType = wrapper.cfbundle; includeInIndex = 0; path = randomealTests.xctest; sourceTree = BUILT_PRODUCTS_DIR; };
		EC1A25CE1B7F2AED00855873 /* randomealTests.m */ = {isa = PBXFileReference; lastKnownFileType = sourcecode.c.objc; path = randomealTests.m; sourceTree = "<group>"; };
		EC1A25D01B7F2AED00855873 /* Info.plist */ = {isa = PBXFileReference; lastKnownFileType = text.plist.xml; path = Info.plist; sourceTree = "<group>"; };
		EC1A25D51B7F2AED00855873 /* randomealUITests.xctest */ = {isa = PBXFileReference; explicitFileType = wrapper.cfbundle; includeInIndex = 0; path = randomealUITests.xctest; sourceTree = BUILT_PRODUCTS_DIR; };
		EC1A25D91B7F2AED00855873 /* randomealUITests.m */ = {isa = PBXFileReference; lastKnownFileType = sourcecode.c.objc; path = randomealUITests.m; sourceTree = "<group>"; };
		EC1A25DB1B7F2AED00855873 /* Info.plist */ = {isa = PBXFileReference; lastKnownFileType = text.plist.xml; path = Info.plist; sourceTree = "<group>"; };
/* End PBXFileReference section */

/* Begin PBXFrameworksBuildPhase section */
		EC1A25AE1B7F2AED00855873 /* Frameworks */ = {
			isa = PBXFrameworksBuildPhase;
			buildActionMask = 2147483647;
			files = (
			);
			runOnlyForDeploymentPostprocessing = 0;
		};
		EC1A25C71B7F2AED00855873 /* Frameworks */ = {
			isa = PBXFrameworksBuildPhase;
			buildActionMask = 2147483647;
			files = (
			);
			runOnlyForDeploymentPostprocessing = 0;
		};
		EC1A25D21B7F2AED00855873 /* Frameworks */ = {
			isa = PBXFrameworksBuildPhase;
			buildActionMask = 2147483647;
			files = (
			);
			runOnlyForDeploymentPostprocessing = 0;
		};
/* End PBXFrameworksBuildPhase section */

/* Begin PBXGroup section */
		EC1A25A81B7F2AED00855873 = {
			isa = PBXGroup;
			children = (
				EC1A25B31B7F2AED00855873 /* randomeal */,
				EC1A25CD1B7F2AED00855873 /* randomealTests */,
				EC1A25D81B7F2AED00855873 /* randomealUITests */,
				EC1A25B21B7F2AED00855873 /* Products */,
			);
			sourceTree = "<group>";
		};
		EC1A25B21B7F2AED00855873 /* Products */ = {
			isa = PBXGroup;
			children = (
				EC1A25B11B7F2AED00855873 /* randomeal.app */,
				EC1A25CA1B7F2AED00855873 /* randomealTests.xctest */,
				EC1A25D51B7F2AED00855873 /* randomealUITests.xctest */,
			);
			name = Products;
			sourceTree = "<group>";
		};
		EC1A25B31B7F2AED00855873 /* randomeal */ = {
			isa = PBXGroup;
			children = (
				EC1A25B71B7F2AED00855873 /* AppDelegate.h */,
				EC1A25B81B7F2AED00855873 /* AppDelegate.m */,
				EC1A25BA1B7F2AED00855873 /* ViewController.h */,
				EC1A25BB1B7F2AED00855873 /* ViewController.m */,
				EC1A25BD1B7F2AED00855873 /* Main.storyboard */,
				EC1A25C01B7F2AED00855873 /* Assets.xcassets */,
				EC1A25C21B7F2AED00855873 /* LaunchScreen.storyboard */,
				EC1A25C51B7F2AED00855873 /* Info.plist */,
				EC1A25B41B7F2AED00855873 /* Supporting Files */,
			);
			path = randomeal;
			sourceTree = "<group>";
		};
		EC1A25B41B7F2AED00855873 /* Supporting Files */ = {
			isa = PBXGroup;
			children = (
				EC1A25B51B7F2AED00855873 /* main.m */,
			);
			name = "Supporting Files";
			sourceTree = "<group>";
		};
		EC1A25CD1B7F2AED00855873 /* randomealTests */ = {
			isa = PBXGroup;
			children = (
				EC1A25CE1B7F2AED00855873 /* randomealTests.m */,
				EC1A25D01B7F2AED00855873 /* Info.plist */,
			);
			path = randomealTests;
			sourceTree = "<group>";
		};
		EC1A25D81B7F2AED00855873 /* randomealUITests */ = {
			isa = PBXGroup;
			children = (
				EC1A25D91B7F2AED00855873 /* randomealUITests.m */,
				EC1A25DB1B7F2AED00855873 /* Info.plist */,
			);
			path = randomealUITests;
			sourceTree = "<group>";
		};
/* End PBXGroup section */

/* Begin PBXNativeTarget section */
		EC1A25B01B7F2AED00855873 /* randomeal */ = {
			isa = PBXNativeTarget;
			buildConfigurationList = EC1A25DE1B7F2AED00855873 /* Build configuration list for PBXNativeTarget "randomeal" */;
			buildPhases = (
				EC1A25AD1B7F2AED00855873 /* Sources */,
				EC1A25AE1B7F2AED00855873 /* Frameworks */,
				EC1A25AF1B7F2AED00855873 /* Resources */,
			);
			buildRules = (
			);
			dependencies = (
			);
			name = randomeal;
			productName = randomeal;
			productReference = EC1A25B11B7F2AED00855873 /* randomeal.app */;
			productType = "com.apple.product-type.application";
		};
		EC1A25C91B7F2AED00855873 /* randomealTests */ = {
			isa = PBXNativeTarget;
			buildConfigurationList = EC1A25E11B7F2AED00855873 /* Build configuration list for PBXNativeTarget "randomealTests" */;
			buildPhases = (
				EC1A25C61B7F2AED00855873 /* Sources */,
				EC1A25C71B7F2AED00855873 /* Frameworks */,
				EC1A25C81B7F2AED00855873 /* Resources */,
			);
			buildRules = (
			);
			dependencies = (
				EC1A25CC1B7F2AED00855873 /* PBXTargetDependency */,
			);
			name = randomealTests;
			productName = randomealTests;
			productReference = EC1A25CA1B7F2AED00855873 /* randomealTests.xctest */;
			productType = "com.apple.product-type.bundle.unit-test";
		};
		EC1A25D41B7F2AED00855873 /* randomealUITests */ = {
			isa = PBXNativeTarget;
			buildConfigurationList = EC1A25E41B7F2AED00855873 /* Build configuration list for PBXNativeTarget "randomealUITests" */;
			buildPhases = (
				EC1A25D11B7F2AED00855873 /* Sources */,
				EC1A25D21B7F2AED00855873 /* Frameworks */,
				EC1A25D31B7F2AED00855873 /* Resources */,
			);
			buildRules = (
			);
			dependencies = (
				EC1A25D71B7F2AED00855873 /* PBXTargetDependency */,
			);
			name = randomealUITests;
			productName = randomealUITests;
			productReference = EC1A25D51B7F2AED00855873 /* randomealUITests.xctest */;
			productType = "com.apple.product-type.bundle.ui-testing";
		};
/* End PBXNativeTarget section */

/* Begin PBXProject section */
		EC1A25A91B7F2AED00855873 /* Project object */ = {
			isa = PBXProject;
			attributes = {
				LastUpgradeCheck = 0700;
				ORGANIZATIONNAME = "Matteo Sandrin";
				TargetAttributes = {
					EC1A25B01B7F2AED00855873 = {
						CreatedOnToolsVersion = 7.0;
					};
					EC1A25C91B7F2AED00855873 = {
						CreatedOnToolsVersion = 7.0;
						TestTargetID = EC1A25B01B7F2AED00855873;
					};
					EC1A25D41B7F2AED00855873 = {
						CreatedOnToolsVersion = 7.0;
						TestTargetID = EC1A25B01B7F2AED00855873;
					};
				};
			};
			buildConfigurationList = EC1A25AC1B7F2AED00855873 /* Build configuration list for PBXProject "randomeal" */;
			compatibilityVersion = "Xcode 3.2";
			developmentRegion = English;
			hasScannedForEncodings = 0;
			knownRegions = (
				en,
				Base,
			);
			mainGroup = EC1A25A81B7F2AED00855873;
			productRefGroup = EC1A25B21B7F2AED00855873 /* Products */;
			projectDirPath = "";
			projectRoot = "";
			targets = (
				EC1A25B01B7F2AED00855873 /* randomeal */,
				EC1A25C91B7F2AED00855873 /* randomealTests */,
				EC1A25D41B7F2AED00855873 /* randomealUITests */,
			);
		};
/* End PBXProject section */

/* Begin PBXResourcesBuildPhase section */
		EC1A25AF1B7F2AED00855873 /* Resources */ = {
			isa = PBXResourcesBuildPhase;
			buildActionMask = 2147483647;
			files = (
				EC1A25C41B7F2AED00855873 /* LaunchScreen.storyboard in Resources */,
				EC1A25C11B7F2AED00855873 /* Assets.xcassets in Resources */,
				EC1A25BF1B7F2AED00855873 /* Main.storyboard in Resources */,
			);
			runOnlyForDeploymentPostprocessing = 0;
		};
		EC1A25C81B7F2AED00855873 /* Resources */ = {
			isa = PBXResourcesBuildPhase;
			buildActionMask = 2147483647;
			files = (
			);
			runOnlyForDeploymentPostprocessing = 0;
		};
		EC1A25D31B7F2AED00855873 /* Resources */ = {
			isa = PBXResourcesBuildPhase;
			buildActionMask = 2147483647;
			files = (
			);
			runOnlyForDeploymentPostprocessing = 0;
		};
/* End PBXResourcesBuildPhase section */

/* Begin PBXSourcesBuildPhase section */
		EC1A25AD1B7F2AED00855873 /* Sources */ = {
			isa = PBXSourcesBuildPhase;
			buildActionMask = 2147483647;
			files = (
				EC1A25BC1B7F2AED00855873 /* ViewController.m in Sources */,
				EC1A25B91B7F2AED00855873 /* AppDelegate.m in Sources */,
				EC1A25B61B7F2AED00855873 /* main.m in Sources */,
			);
			runOnlyForDeploymentPostprocessing = 0;
		};
		EC1A25C61B7F2AED00855873 /* Sources */ = {
			isa = PBXSourcesBuildPhase;
			buildActionMask = 2147483647;
			files = (
				EC1A25CF1B7F2AED00855873 /* randomealTests.m in Sources */,
			);
			runOnlyForDeploymentPostprocessing = 0;
		};
		EC1A25D11B7F2AED00855873 /* Sources */ = {
			isa = PBXSourcesBuildPhase;
			buildActionMask = 2147483647;
			files = (
				EC1A25DA1B7F2AED00855873 /* randomealUITests.m in Sources */,
			);
			runOnlyForDeploymentPostprocessing = 0;
		};
/* End PBXSourcesBuildPhase section */

/* Begin PBXTargetDependency section */
		EC1A25CC1B7F2AED00855873 /* PBXTargetDependency */ = {
			isa = PBXTargetDependency;
			target = EC1A25B01B7F2AED00855873 /* randomeal */;
			targetProxy = EC1A25CB1B7F2AED00855873 /* PBXContainerItemProxy */;
		};
		EC1A25D71B7F2AED00855873 /* PBXTargetDependency */ = {
			isa = PBXTargetDependency;
			target = EC1A25B01B7F2AED00855873 /* randomeal */;
			targetProxy = EC1A25D61B7F2AED00855873 /* PBXContainerItemProxy */;
		};
/* End PBXTargetDependency section */

/* Begin PBXVariantGroup section */
		EC1A25BD1B7F2AED00855873 /* Main.storyboard */ = {
			isa = PBXVariantGroup;
			children = (
				EC1A25BE1B7F2AED00855873 /* Base */,
			);
			name = Main.storyboard;
			sourceTree = "<group>";
		};
		EC1A25C21B7F2AED00855873 /* LaunchScreen.storyboard */ = {
			isa = PBXVariantGroup;
			children = (
				EC1A25C31B7F2AED00855873 /* Base */,
			);
			name = LaunchScreen.storyboard;
			sourceTree = "<group>";
		};
/* End PBXVariantGroup section */

/* Begin XCBuildConfiguration section */
		EC1A25DC1B7F2AED00855873 /* Debug */ = {
			isa = XCBuildConfiguration;
			buildSettings = {
				ALWAYS_SEARCH_USER_PATHS = NO;
				CLANG_CXX_LANGUAGE_STANDARD = "gnu++0x";
				CLANG_CXX_LIBRARY = "libc++";
				CLANG_ENABLE_MODULES = YES;
				CLANG_ENABLE_OBJC_ARC = YES;
				CLANG_WARN_BOOL_CONVERSION = YES;
				CLANG_WARN_CONSTANT_CONVERSION = YES;
				CLANG_WARN_DIRECT_OBJC_ISA_USAGE = YES_ERROR;
				CLANG_WARN_EMPTY_BODY = YES;
				CLANG_WARN_ENUM_CONVERSION = YES;
				CLANG_WARN_INT_CONVERSION = YES;
				CLANG_WARN_OBJC_ROOT_CLASS = YES_ERROR;
				CLANG_WARN_UNREACHABLE_CODE = YES;
				CLANG_WARN__DUPLICATE_METHOD_MATCH = YES;
				"CODE_SIGN_IDENTITY[sdk=iphoneos*]" = "iPhone Developer";
				COPY_PHASE_STRIP = NO;
				DEBUG_INFORMATION_FORMAT = dwarf;
				ENABLE_STRICT_OBJC_MSGSEND = YES;
				ENABLE_TESTABILITY = YES;
				GCC_C_LANGUAGE_STANDARD = gnu99;
				GCC_DYNAMIC_NO_PIC = NO;
				GCC_NO_COMMON_BLOCKS = YES;
				GCC_OPTIMIZATION_LEVEL = 0;
				GCC_PREPROCESSOR_DEFINITIONS = (
					"DEBUG=1",
					"$(inherited)",
				);
				GCC_WARN_64_TO_32_BIT_CONVERSION = YES;
				GCC_WARN_ABOUT_RETURN_TYPE = YES_ERROR;
				GCC_WARN_UNDECLARED_SELECTOR = YES;
				GCC_WARN_UNINITIALIZED_AUTOS = YES_AGGRESSIVE;
				GCC_WARN_UNUSED_FUNCTION = YES;
				GCC_WARN_UNUSED_VARIABLE = YES;
				IPHONEOS_DEPLOYMENT_TARGET = 9.0;
				MTL_ENABLE_DEBUG_INFO = YES;
				ONLY_ACTIVE_ARCH = YES;
				SDKROOT = iphoneos;
			};
			name = Debug;
		};
		EC1A25DD1B7F2AED00855873 /* Release */ = {
			isa = XCBuildConfiguration;
			buildSettings = {
				ALWAYS_SEARCH_USER_PATHS = NO;
				CLANG_CXX_LANGUAGE_STANDARD = "gnu++0x";
				CLANG_CXX_LIBRARY = "libc++";
				CLANG_ENABLE_MODULES = YES;
				CLANG_ENABLE_OBJC_ARC = YES;
				CLANG_WARN_BOOL_CONVERSION = YES;
				CLANG_WARN_CONSTANT_CONVERSION = YES;
				CLANG_WARN_DIRECT_OBJC_ISA_USAGE = YES_ERROR;
				CLANG_WARN_EMPTY_BODY = YES;
				CLANG_WARN_ENUM_CONVERSION = YES;
				CLANG_WARN_INT_CONVERSION = YES;
				CLANG_WARN_OBJC_ROOT_CLASS = YES_ERROR;
				CLANG_WARN_UNREACHABLE_CODE = YES;
				CLANG_WARN__DUPLICATE_METHOD_MATCH = YES;
				"CODE_SIGN_IDENTITY[sdk=iphoneos*]" = "iPhone Developer";
				COPY_PHASE_STRIP = NO;
				DEBUG_INFORMATION_FORMAT = "dwarf-with-dsym";
				ENABLE_NS_ASSERTIONS = NO;
				ENABLE_STRICT_OBJC_MSGSEND = YES;
				GCC_C_LANGUAGE_STANDARD = gnu99;
				GCC_NO_COMMON_BLOCKS = YES;
				GCC_WARN_64_TO_32_BIT_CONVERSION = YES;
				GCC_WARN_ABOUT_RETURN_TYPE = YES_ERROR;
				GCC_WARN_UNDECLARED_SELECTOR = YES;
				GCC_WARN_UNINITIALIZED_AUTOS = YES_AGGRESSIVE;
				GCC_WARN_UNUSED_FUNCTION = YES;
				GCC_WARN_UNUSED_VARIABLE = YES;
				IPHONEOS_DEPLOYMENT_TARGET = 9.0;
				MTL_ENABLE_DEBUG_INFO = NO;
				SDKROOT = iphoneos;
				VALIDATE_PRODUCT = YES;
			};
			name = Release;
		};
		EC1A25DF1B7F2AED00855873 /* Debug */ = {
			isa = XCBuildConfiguration;
			buildSettings = {
				ASSETCATALOG_COMPILER_APPICON_NAME = AppIcon;
				INFOPLIST_FILE = randomeal/Info.plist;
				LD_RUNPATH_SEARCH_PATHS = "$(inherited) @executable_path/Frameworks";
				PRODUCT_BUNDLE_IDENTIFIER = com.sandrin.randomeal;
				PRODUCT_NAME = "$(TARGET_NAME)";
			};
			name = Debug;
		};
		EC1A25E01B7F2AED00855873 /* Release */ = {
			isa = XCBuildConfiguration;
			buildSettings = {
				ASSETCATALOG_COMPILER_APPICON_NAME = AppIcon;
				INFOPLIST_FILE = randomeal/Info.plist;
				LD_RUNPATH_SEARCH_PATHS = "$(inherited) @executable_path/Frameworks";
				PRODUCT_BUNDLE_IDENTIFIER = com.sandrin.randomeal;
				PRODUCT_NAME = "$(TARGET_NAME)";
			};
			name = Release;
		};
		EC1A25E21B7F2AED00855873 /* Debug */ = {
			isa = XCBuildConfiguration;
			buildSettings = {
				BUNDLE_LOADER = "$(TEST_HOST)";
				INFOPLIST_FILE = randomealTests/Info.plist;
				LD_RUNPATH_SEARCH_PATHS = "$(inherited) @executable_path/Frameworks @loader_path/Frameworks";
				PRODUCT_BUNDLE_IDENTIFIER = com.sandrin.randomealTests;
				PRODUCT_NAME = "$(TARGET_NAME)";
				TEST_HOST = "$(BUILT_PRODUCTS_DIR)/randomeal.app/randomeal";
			};
			name = Debug;
		};
		EC1A25E31B7F2AED00855873 /* Release */ = {
			isa = XCBuildConfiguration;
			buildSettings = {
				BUNDLE_LOADER = "$(TEST_HOST)";
				INFOPLIST_FILE = randomealTests/Info.plist;
				LD_RUNPATH_SEARCH_PATHS = "$(inherited) @executable_path/Frameworks @loader_path/Frameworks";
				PRODUCT_BUNDLE_IDENTIFIER = com.sandrin.randomealTests;
				PRODUCT_NAME = "$(TARGET_NAME)";
				TEST_HOST = "$(BUILT_PRODUCTS_DIR)/randomeal.app/randomeal";
			};
			name = Release;
		};
		EC1A25E51B7F2AED00855873 /* Debug */ = {
			isa = XCBuildConfiguration;
			buildSettings = {
				INFOPLIST_FILE = randomealUITests/Info.plist;
				LD_RUNPATH_SEARCH_PATHS = "$(inherited) @executable_path/Frameworks @loader_path/Frameworks";
				PRODUCT_BUNDLE_IDENTIFIER = com.sandrin.randomealUITests;
				PRODUCT_NAME = "$(TARGET_NAME)";
				TEST_TARGET_NAME = randomeal;
				USES_XCTRUNNER = YES;
			};
			name = Debug;
		};
		EC1A25E61B7F2AED00855873 /* Release */ = {
			isa = XCBuildConfiguration;
			buildSettings = {
				INFOPLIST_FILE = randomealUITests/Info.plist;
				LD_RUNPATH_SEARCH_PATHS = "$(inherited) @executable_path/Frameworks @loader_path/Frameworks";
				PRODUCT_BUNDLE_IDENTIFIER = com.sandrin.randomealUITests;
				PRODUCT_NAME = "$(TARGET_NAME)";
				TEST_TARGET_NAME = randomeal;
				USES_XCTRUNNER = YES;
			};
			name = Release;
		};
/* End XCBuildConfiguration section */

/* Begin XCConfigurationList section */
		EC1A25AC1B7F2AED00855873 /* Build configuration list for PBXProject "randomeal" */ = {
			isa = XCConfigurationList;
			buildConfigurations = (
				EC1A25DC1B7F2AED00855873 /* Debug */,
				EC1A25DD1B7F2AED00855873 /* Release */,
			);
			defaultConfigurationIsVisible = 0;
			defaultConfigurationName = Release;
		};
		EC1A25DE1B7F2AED00855873 /* Build configuration list for PBXNativeTarget "randomeal" */ = {
			isa = XCConfigurationList;
			buildConfigurations = (
				EC1A25DF1B7F2AED00855873 /* Debug */,
				EC1A25E01B7F2AED00855873 /* Release */,
			);
			defaultConfigurationIsVisible = 0;
		};
		EC1A25E11B7F2AED00855873 /* Build configuration list for PBXNativeTarget "randomealTests" */ = {
			isa = XCConfigurationList;
			buildConfigurations = (
				EC1A25E21B7F2AED00855873 /* Debug */,
				EC1A25E31B7F2AED00855873 /* Release */,
			);
			defaultConfigurationIsVisible = 0;
		};
		EC1A25E41B7F2AED00855873 /* Build configuration list for PBXNativeTarget "randomealUITests" */ = {
			isa = XCConfigurationList;
			buildConfigurations = (
				EC1A25E51B7F2AED00855873 /* Debug */,
				EC1A25E61B7F2AED00855873 /* Release */,
			);
			defaultConfigurationIsVisible = 0;
		};
/* End XCConfigurationList section */
	};
	rootObject = EC1A25A91B7F2AED00855873 /* Project object */;
}
